
Microsoft Visual Studio Solution File, Format Version 12.00
# Visual Studio 15
VisualStudioVersion = 15.0.27004.2005
MinimumVisualStudioVersion = 10.0.40219.1
Project("{9A19103F-16F7-4668-BE54-9A1E7A4F7556}") = "Twitbook.Api", "src\Twitbook.Api\Twitbook.Api.csproj", "{565D0F4F-795C-43EA-9684-1AA4A5C09EAD}"
EndProject
Global
	GlobalSection(SolutionConfigurationPlatforms) = preSolution
		Debug|Any CPU = Debug|Any CPU
		Release|Any CPU = Release|Any CPU
	EndGlobalSection
	GlobalSection(ProjectConfigurationPlatforms) = postSolution
		{565D0F4F-795C-43EA-9684-1AA4A5C09EAD}.Debug|Any CPU.ActiveCfg = Debug|Any CPU
		{565D0F4F-795C-43EA-9684-1AA4A5C09EAD}.Debug|Any CPU.Build.0 = Debug|Any CPU
		{565D0F4F-795C-43EA-9684-1AA4A5C09EAD}.Release|Any CPU.ActiveCfg = Release|Any CPU
		{565D0F4F-795C-43EA-9684-1AA4A5C09EAD}.Release|Any CPU.Build.0 = Release|Any CPU
	EndGlobalSection
	GlobalSection(SolutionProperties) = preSolution
		HideSolutionNode = FALSE
	EndGlobalSection
	GlobalSection(ExtensibilityGlobals) = postSolution
		SolutionGuid = {FFEB22EF-C46D-4C3D-A3BC-C66B0CDED456}
	EndGlobalSection
EndGlobal
